
Microsoft Visual Studio Solution File, Format Version 12.00
# Visual Studio Version 17
VisualStudioVersion = 17.14.36414.22 d17.14
MinimumVisualStudioVersion = 10.0.40219.1
Project("{FAE04EC0-301F-11D3-BF4B-00C04F79EFBC}") = "RoleBasedProducts", "RoleBasedProducts\RoleBasedProducts.csproj", "{63D0F133-4303-477D-B6DE-5019B215A310}"
EndProject
Global
	GlobalSection(SolutionConfigurationPlatforms) = preSolution
		Debug|Any CPU = Debug|Any CPU
		Release|Any CPU = Release|Any CPU
	EndGlobalSection
	GlobalSection(ProjectConfigurationPlatforms) = postSolution
		{63D0F133-4303-477D-B6DE-5019B215A310}.Debug|Any CPU.ActiveCfg = Debug|Any CPU
		{63D0F133-4303-477D-B6DE-5019B215A310}.Debug|Any CPU.Build.0 = Debug|Any CPU
		{63D0F133-4303-477D-B6DE-5019B215A310}.Release|Any CPU.ActiveCfg = Release|Any CPU
		{63D0F133-4303-477D-B6DE-5019B215A310}.Release|Any CPU.Build.0 = Release|Any CPU
	EndGlobalSection
	GlobalSection(SolutionProperties) = preSolution
		HideSolutionNode = FALSE
	EndGlobalSection
	GlobalSection(ExtensibilityGlobals) = postSolution
		SolutionGuid = {A7504BBC-B465-4FB6-8C5D-9BCD2E6DF117}
	EndGlobalSection
EndGlobal
