
Microsoft Visual Studio Solution File, Format Version 12.00
# Visual Studio Version 17
VisualStudioVersion = 17.14.36310.24 d17.14
MinimumVisualStudioVersion = 10.0.40219.1
Project("{FAE04EC0-301F-11D3-BF4B-00C04F79EFBC}") = "OOps", "OOps\OOps.csproj", "{8CABAD27-5680-4CB8-B6D7-C121478B392A}"
EndProject
Project("{FAE04EC0-301F-11D3-BF4B-00C04F79EFBC}") = "ExtensionEx1", "..\ExtensionEx1\ExtensionEx1.csproj", "{2BB51882-EAFE-439B-B6FD-F5FBAD29180E}"
EndProject
Project("{FAE04EC0-301F-11D3-BF4B-00C04F79EFBC}") = "ExtensionExample2", "..\ExtensionEx2\ExtensionExample2.csproj", "{A71CF2C6-A187-4DC6-90B3-E9DCC05D749C}"
EndProject
Project("{FAE04EC0-301F-11D3-BF4B-00C04F79EFBC}") = "AbsConEx", "..\AbsConEx\AbsConEx.csproj", "{2B195A30-1850-44A4-8D3C-EBC8ABEDE4E5}"
EndProject
Global
	GlobalSection(SolutionConfigurationPlatforms) = preSolution
		Debug|Any CPU = Debug|Any CPU
		Release|Any CPU = Release|Any CPU
	EndGlobalSection
	GlobalSection(ProjectConfigurationPlatforms) = postSolution
		{8CABAD27-5680-4CB8-B6D7-C121478B392A}.Debug|Any CPU.ActiveCfg = Debug|Any CPU
		{8CABAD27-5680-4CB8-B6D7-C121478B392A}.Debug|Any CPU.Build.0 = Debug|Any CPU
		{8CABAD27-5680-4CB8-B6D7-C121478B392A}.Release|Any CPU.ActiveCfg = Release|Any CPU
		{8CABAD27-5680-4CB8-B6D7-C121478B392A}.Release|Any CPU.Build.0 = Release|Any CPU
		{2BB51882-EAFE-439B-B6FD-F5FBAD29180E}.Debug|Any CPU.ActiveCfg = Debug|Any CPU
		{2BB51882-EAFE-439B-B6FD-F5FBAD29180E}.Debug|Any CPU.Build.0 = Debug|Any CPU
		{2BB51882-EAFE-439B-B6FD-F5FBAD29180E}.Release|Any CPU.ActiveCfg = Release|Any CPU
		{2BB51882-EAFE-439B-B6FD-F5FBAD29180E}.Release|Any CPU.Build.0 = Release|Any CPU
		{A71CF2C6-A187-4DC6-90B3-E9DCC05D749C}.Debug|Any CPU.ActiveCfg = Debug|Any CPU
		{A71CF2C6-A187-4DC6-90B3-E9DCC05D749C}.Debug|Any CPU.Build.0 = Debug|Any CPU
		{A71CF2C6-A187-4DC6-90B3-E9DCC05D749C}.Release|Any CPU.ActiveCfg = Release|Any CPU
		{A71CF2C6-A187-4DC6-90B3-E9DCC05D749C}.Release|Any CPU.Build.0 = Release|Any CPU
		{2B195A30-1850-44A4-8D3C-EBC8ABEDE4E5}.Debug|Any CPU.ActiveCfg = Debug|Any CPU
		{2B195A30-1850-44A4-8D3C-EBC8ABEDE4E5}.Debug|Any CPU.Build.0 = Debug|Any CPU
		{2B195A30-1850-44A4-8D3C-EBC8ABEDE4E5}.Release|Any CPU.ActiveCfg = Release|Any CPU
		{2B195A30-1850-44A4-8D3C-EBC8ABEDE4E5}.Release|Any CPU.Build.0 = Release|Any CPU
	EndGlobalSection
	GlobalSection(SolutionProperties) = preSolution
		HideSolutionNode = FALSE
	EndGlobalSection
	GlobalSection(ExtensibilityGlobals) = postSolution
		SolutionGuid = {CFFA9DD0-8FED-42FF-8A52-FFCAC0C66866}
	EndGlobalSection
EndGlobal
