
Microsoft Visual Studio Solution File, Format Version 12.00
# Visual Studio Version 17
VisualStudioVersion = 17.14.36414.22 d17.14
MinimumVisualStudioVersion = 10.0.40219.1
Project("{FAE04EC0-301F-11D3-BF4B-00C04F79EFBC}") = "MovieCatalog.Api", "MovieCatalog.Api\MovieCatalog.Api.csproj", "{87FDBBB9-7A96-455A-BBE9-E404CC79A847}"
EndProject
Global
	GlobalSection(SolutionConfigurationPlatforms) = preSolution
		Debug|Any CPU = Debug|Any CPU
		Release|Any CPU = Release|Any CPU
	EndGlobalSection
	GlobalSection(ProjectConfigurationPlatforms) = postSolution
		{87FDBBB9-7A96-455A-BBE9-E404CC79A847}.Debug|Any CPU.ActiveCfg = Debug|Any CPU
		{87FDBBB9-7A96-455A-BBE9-E404CC79A847}.Debug|Any CPU.Build.0 = Debug|Any CPU
		{87FDBBB9-7A96-455A-BBE9-E404CC79A847}.Release|Any CPU.ActiveCfg = Release|Any CPU
		{87FDBBB9-7A96-455A-BBE9-E404CC79A847}.Release|Any CPU.Build.0 = Release|Any CPU
	EndGlobalSection
	GlobalSection(SolutionProperties) = preSolution
		HideSolutionNode = FALSE
	EndGlobalSection
	GlobalSection(ExtensibilityGlobals) = postSolution
		SolutionGuid = {D3F401E3-22A4-4BD4-BAC4-0D05D86A7857}
	EndGlobalSection
EndGlobal
